
Microsoft Visual Studio Solution File, Format Version 12.00
# Visual Studio 15
VisualStudioVersion = 15.0.27130.2026
MinimumVisualStudioVersion = 10.0.40219.1
Project("{FAE04EC0-301F-11D3-BF4B-00C04F79EFBC}") = "CMF-Editor", "CMF-Editor\CMF-Editor.csproj", "{BEE3C5D1-6041-494A-8FAC-D9981999B115}"
EndProject
Project("{FAE04EC0-301F-11D3-BF4B-00C04F79EFBC}") = "nQuant.Core", "nQuant.Core\nQuant.Core.csproj", "{A59307EA-FCB0-4110-BC42-0417871C24C4}"
EndProject
Project("{FAE04EC0-301F-11D3-BF4B-00C04F79EFBC}") = "CMF-Sharp", "Closers-CMF\CMF-Sharp\CMF-Sharp.csproj", "{31B124B1-29E4-41E5-A10C-98D7E2985400}"
EndProject
Global
	GlobalSection(SolutionConfigurationPlatforms) = preSolution
		Debug|Any CPU = Debug|Any CPU
		Release|Any CPU = Release|Any CPU
	EndGlobalSection
	GlobalSection(ProjectConfigurationPlatforms) = postSolution
		{BEE3C5D1-6041-494A-8FAC-D9981999B115}.Debug|Any CPU.ActiveCfg = Debug|Any CPU
		{BEE3C5D1-6041-494A-8FAC-D9981999B115}.Debug|Any CPU.Build.0 = Debug|Any CPU
		{BEE3C5D1-6041-494A-8FAC-D9981999B115}.Release|Any CPU.ActiveCfg = Release|Any CPU
		{BEE3C5D1-6041-494A-8FAC-D9981999B115}.Release|Any CPU.Build.0 = Release|Any CPU
		{A59307EA-FCB0-4110-BC42-0417871C24C4}.Debug|Any CPU.ActiveCfg = Debug|Any CPU
		{A59307EA-FCB0-4110-BC42-0417871C24C4}.Debug|Any CPU.Build.0 = Debug|Any CPU
		{A59307EA-FCB0-4110-BC42-0417871C24C4}.Release|Any CPU.ActiveCfg = Release|Any CPU
		{A59307EA-FCB0-4110-BC42-0417871C24C4}.Release|Any CPU.Build.0 = Release|Any CPU
		{31B124B1-29E4-41E5-A10C-98D7E2985400}.Debug|Any CPU.ActiveCfg = Debug|Any CPU
		{31B124B1-29E4-41E5-A10C-98D7E2985400}.Debug|Any CPU.Build.0 = Debug|Any CPU
		{31B124B1-29E4-41E5-A10C-98D7E2985400}.Release|Any CPU.ActiveCfg = Release|Any CPU
		{31B124B1-29E4-41E5-A10C-98D7E2985400}.Release|Any CPU.Build.0 = Release|Any CPU
	EndGlobalSection
	GlobalSection(SolutionProperties) = preSolution
		HideSolutionNode = FALSE
	EndGlobalSection
	GlobalSection(ExtensibilityGlobals) = postSolution
		SolutionGuid = {CC3DB152-0418-42A6-82A3-43EC9EB9A773}
	EndGlobalSection
EndGlobal
